github.com/jwijenbergh/purego v0.0.0-20240126093400-70ff3a61df13 h1:zpIcrUoZuJt2No2wCcyKaC5u8h8/aMsnKZufR8NVLF0=
github.com/jwijenbergh/purego v0.0.0-20240126093400-70ff3a61df13/go.mod h1:EtQVHFqUYxSUClPLQPCNz/R3m7egkBOxwZzIkufo7EA=
golang.org/x/sys v0.17.0 h1:25cE3gD+tdBA7lp7QfhuV+rJiE9YXTcS3VG1SqssI/Y=
golang.org/x/sys v0.17.0/go.mod h1:/VUhepiaJMQUp4+oa/7Zr1D23ma6VTLIYjOOTFZPUcA=
