github.com/jwijenbergh/purego v0.0.0-20251017112123-b71757b9ba42 h1:kQ0LX4ffJvtONhymro3HzrB8XUa6dIGgrbnkl38Rgl0=
github.com/jwijenbergh/purego v0.0.0-20251017112123-b71757b9ba42/go.mod h1:amE5lVGstyh2GTEIHFEbgJHmoMD0llIuapnzIlZx7Fc=
github.com/jwijenbergh/puregotk v0.0.0-20251201161753-28ec1479c381 h1:Cy6in3ph8eGnl0w71S0NnH8ZCj0YhZZHzrwYEgtbtII=
github.com/jwijenbergh/puregotk v0.0.0-20251201161753-28ec1479c381/go.mod h1:mZu8qSvCSqtVL+xoiebZuicnJijwrLfGRs6/eTVgFlc=
