github.com/dennwc/flatpak-go-mod v0.1.1-0.20251127123506-956509dd96ba h1:KLfa3f81PhSXNMZs7lJjS/TK1WmMCCjENHr29n+N8BU=
github.com/dennwc/flatpak-go-mod v0.1.1-0.20251127123506-956509dd96ba/go.mod h1:4akg2uvMr36H/vDzQSPofcff2LBk4u+bTAPy2bxVoOo=
github.com/goccy/go-yaml v1.18.0 h1:8W7wMFS12Pcas7KU+VVkaiCng+kG8QiFeFwzFb+rwuw=
github.com/goccy/go-yaml v1.18.0/go.mod h1:XBurs7gK8ATbW4ZPGKgcbrY1Br56PdM69F7LkFRi1kA=
github.com/jwijenbergh/purego v0.0.0-20251017112123-b71757b9ba42 h1:kQ0LX4ffJvtONhymro3HzrB8XUa6dIGgrbnkl38Rgl0=
github.com/jwijenbergh/purego v0.0.0-20251017112123-b71757b9ba42/go.mod h1:amE5lVGstyh2GTEIHFEbgJHmoMD0llIuapnzIlZx7Fc=
github.com/jwijenbergh/puregotk v0.0.0-20251201161753-28ec1479c381 h1:Cy6in3ph8eGnl0w71S0NnH8ZCj0YhZZHzrwYEgtbtII=
github.com/jwijenbergh/puregotk v0.0.0-20251201161753-28ec1479c381/go.mod h1:mZu8qSvCSqtVL+xoiebZuicnJijwrLfGRs6/eTVgFlc=
github.com/pojntfx/go-gettext v0.2.0 h1:Nw3Hyy0Fef3pOuvYYPZESmbOT+IdnYjqx9/ywFo46GU=
github.com/pojntfx/go-gettext v0.2.0/go.mod h1:eGt2r0JKvlPZjiz+GqEDtg92//F30LEV/IB0h42bk40=
golang.org/x/mod v0.30.0 h1:fDEXFVZ/fmCKProc/yAXXUijritrDzahmwwefnjoPFk=
golang.org/x/mod v0.30.0/go.mod h1:lAsf5O2EvJeSFMiBxXDki7sCgAxEUcZHXoXMKT4GJKc=
